// !$*UTF8*$!
{
	archiveVersion = 1;
	classes = {
	};
	objectVersion = 48;
	objects = {

/* Begin PBXBuildFile section */
		99A18EF51F48B7E8009CDE60 /* AppDelegate.m in Sources */ = {isa = PBXBuildFile; fileRef = 99A18EF41F48B7E8009CDE60 /* AppDelegate.m */; };
		99A18EF81F48B7E8009CDE60 /* ViewController.m in Sources */ = {isa = PBXBuildFile; fileRef = 99A18EF71F48B7E8009CDE60 /* ViewController.m */; };
		99A18EFB1F48B7E8009CDE60 /* Main.storyboard in Resources */ = {isa = PBXBuildFile; fileRef = 99A18EF91F48B7E8009CDE60 /* Main.storyboard */; };
		99A18EFD1F48B7E8009CDE60 /* Assets.xcassets in Resources */ = {isa = PBXBuildFile; fileRef = 99A18EFC1F48B7E8009CDE60 /* Assets.xcassets */; };
		99A18F001F48B7E8009CDE60 /* LaunchScreen.storyboard in Resources */ = {isa = PBXBuildFile; fileRef = 99A18EFE1F48B7E8009CDE60 /* LaunchScreen.storyboard */; };
		99A18F031F48B7E8009CDE60 /* main.m in Sources */ = {isa = PBXBuildFile; fileRef = 99A18F021F48B7E8009CDE60 /* main.m */; };
		99A18F0D1F48B7E8009CDE60 /* MSCalendarTests.m in Sources */ = {isa = PBXBuildFile; fileRef = 99A18F0C1F48B7E8009CDE60 /* MSCalendarTests.m */; };
		99A18F181F48B7E8009CDE60 /* MSCalendarUITests.m in Sources */ = {isa = PBXBuildFile; fileRef = 99A18F171F48B7E8009CDE60 /* MSCalendarUITests.m */; };
/* End PBXBuildFile section */

/* Begin PBXContainerItemProxy section */
		99A18F091F48B7E8009CDE60 /* PBXContainerItemProxy */ = {
			isa = PBXContainerItemProxy;
			containerPortal = 99A18EE81F48B7E8009CDE60 /* Project object */;
			proxyType = 1;
			remoteGlobalIDString = 99A18EEF1F48B7E8009CDE60;
			remoteInfo = MSCalendar;
		};
		99A18F141F48B7E8009CDE60 /* PBXContainerItemProxy */ = {
			isa = PBXContainerItemProxy;
			containerPortal = 99A18EE81F48B7E8009CDE60 /* Project object */;
			proxyType = 1;
			remoteGlobalIDString = 99A18EEF1F48B7E8009CDE60;
			remoteInfo = MSCalendar;
		};
/* End PBXContainerItemProxy section */

/* Begin PBXFileReference section */
		99A18EF01F48B7E8009CDE60 /* MSCalendar.app */ = {isa = PBXFileReference; explicitFileType = wrapper.application; includeInIndex = 0; path = MSCalendar.app; sourceTree = BUILT_PRODUCTS_DIR; };
		99A18EF31F48B7E8009CDE60 /* AppDelegate.h */ = {isa = PBXFileReference; lastKnownFileType = sourcecode.c.h; path = AppDelegate.h; sourceTree = "<group>"; };
		99A18EF41F48B7E8009CDE60 /* AppDelegate.m */ = {isa = PBXFileReference; lastKnownFileType = sourcecode.c.objc; path = AppDelegate.m; sourceTree = "<group>"; };
		99A18EF61F48B7E8009CDE60 /* ViewController.h */ = {isa = PBXFileReference; lastKnownFileType = sourcecode.c.h; path = ViewController.h; sourceTree = "<group>"; };
		99A18EF71F48B7E8009CDE60 /* ViewController.m */ = {isa = PBXFileReference; lastKnownFileType = sourcecode.c.objc; path = ViewController.m; sourceTree = "<group>"; };
		99A18EFA1F48B7E8009CDE60 /* Base */ = {isa = PBXFileReference; lastKnownFileType = file.storyboard; name = Base; path = Base.lproj/Main.storyboard; sourceTree = "<group>"; };
		99A18EFC1F48B7E8009CDE60 /* Assets.xcassets */ = {isa = PBXFileReference; lastKnownFileType = folder.assetcatalog; path = Assets.xcassets; sourceTree = "<group>"; };
		99A18EFF1F48B7E8009CDE60 /* Base */ = {isa = PBXFileReference; lastKnownFileType = file.storyboard; name = Base; path = Base.lproj/LaunchScreen.storyboard; sourceTree = "<group>"; };
		99A18F011F48B7E8009CDE60 /* Info.plist */ = {isa = PBXFileReference; lastKnownFileType = text.plist.xml; path = Info.plist; sourceTree = "<group>"; };
		99A18F021F48B7E8009CDE60 /* main.m */ = {isa = PBXFileReference; lastKnownFileType = sourcecode.c.objc; path = main.m; sourceTree = "<group>"; };
		99A18F081F48B7E8009CDE60 /* MSCalendarTests.xctest */ = {isa = PBXFileReference; explicitFileType = wrapper.cfbundle; includeInIndex = 0; path = MSCalendarTests.xctest; sourceTree = BUILT_PRODUCTS_DIR; };
		99A18F0C1F48B7E8009CDE60 /* MSCalendarTests.m */ = {isa = PBXFileReference; lastKnownFileType = sourcecode.c.objc; path = MSCalendarTests.m; sourceTree = "<group>"; };
		99A18F0E1F48B7E8009CDE60 /* Info.plist */ = {isa = PBXFileReference; lastKnownFileType = text.plist.xml; path = Info.plist; sourceTree = "<group>"; };
		99A18F131F48B7E8009CDE60 /* MSCalendarUITests.xctest */ = {isa = PBXFileReference; explicitFileType = wrapper.cfbundle; includeInIndex = 0; path = MSCalendarUITests.xctest; sourceTree = BUILT_PRODUCTS_DIR; };
		99A18F171F48B7E8009CDE60 /* MSCalendarUITests.m */ = {isa = PBXFileReference; lastKnownFileType = sourcecode.c.objc; path = MSCalendarUITests.m; sourceTree = "<group>"; };
		99A18F191F48B7E8009CDE60 /* Info.plist */ = {isa = PBXFileReference; lastKnownFileType = text.plist.xml; path = Info.plist; sourceTree = "<group>"; };
/* End PBXFileReference section */

/* Begin PBXFrameworksBuildPhase section */
		99A18EED1F48B7E8009CDE60 /* Frameworks */ = {
			isa = PBXFrameworksBuildPhase;
			buildActionMask = 2147483647;
			files = (
			);
			runOnlyForDeploymentPostprocessing = 0;
		};
		99A18F051F48B7E8009CDE60 /* Frameworks */ = {
			isa = PBXFrameworksBuildPhase;
			buildActionMask = 2147483647;
			files = (
			);
			runOnlyForDeploymentPostprocessing = 0;
		};
		99A18F101F48B7E8009CDE60 /* Frameworks */ = {
			isa = PBXFrameworksBuildPhase;
			buildActionMask = 2147483647;
			files = (
			);
			runOnlyForDeploymentPostprocessing = 0;
		};
/* End PBXFrameworksBuildPhase section */

/* Begin PBXGroup section */
		99A18EE71F48B7E8009CDE60 = {
			isa = PBXGroup;
			children = (
				99A18EF21F48B7E8009CDE60 /* MSCalendar */,
				99A18F0B1F48B7E8009CDE60 /* MSCalendarTests */,
				99A18F161F48B7E8009CDE60 /* MSCalendarUITests */,
				99A18EF11F48B7E8009CDE60 /* Products */,
			);
			sourceTree = "<group>";
		};
		99A18EF11F48B7E8009CDE60 /* Products */ = {
			isa = PBXGroup;
			children = (
				99A18EF01F48B7E8009CDE60 /* MSCalendar.app */,
				99A18F081F48B7E8009CDE60 /* MSCalendarTests.xctest */,
				99A18F131F48B7E8009CDE60 /* MSCalendarUITests.xctest */,
			);
			name = Products;
			sourceTree = "<group>";
		};
		99A18EF21F48B7E8009CDE60 /* MSCalendar */ = {
			isa = PBXGroup;
			children = (
				99A18EF31F48B7E8009CDE60 /* AppDelegate.h */,
				99A18EF41F48B7E8009CDE60 /* AppDelegate.m */,
				99A18EF61F48B7E8009CDE60 /* ViewController.h */,
				99A18EF71F48B7E8009CDE60 /* ViewController.m */,
				99A18EF91F48B7E8009CDE60 /* Main.storyboard */,
				99A18EFC1F48B7E8009CDE60 /* Assets.xcassets */,
				99A18EFE1F48B7E8009CDE60 /* LaunchScreen.storyboard */,
				99A18F011F48B7E8009CDE60 /* Info.plist */,
				99A18F021F48B7E8009CDE60 /* main.m */,
			);
			path = MSCalendar;
			sourceTree = "<group>";
		};
		99A18F0B1F48B7E8009CDE60 /* MSCalendarTests */ = {
			isa = PBXGroup;
			children = (
				99A18F0C1F48B7E8009CDE60 /* MSCalendarTests.m */,
				99A18F0E1F48B7E8009CDE60 /* Info.plist */,
			);
			path = MSCalendarTests;
			sourceTree = "<group>";
		};
		99A18F161F48B7E8009CDE60 /* MSCalendarUITests */ = {
			isa = PBXGroup;
			children = (
				99A18F171F48B7E8009CDE60 /* MSCalendarUITests.m */,
				99A18F191F48B7E8009CDE60 /* Info.plist */,
			);
			path = MSCalendarUITests;
			sourceTree = "<group>";
		};
/* End PBXGroup section */

/* Begin PBXNativeTarget section */
		99A18EEF1F48B7E8009CDE60 /* MSCalendar */ = {
			isa = PBXNativeTarget;
			buildConfigurationList = 99A18F1C1F48B7E8009CDE60 /* Build configuration list for PBXNativeTarget "MSCalendar" */;
			buildPhases = (
				99A18EEC1F48B7E8009CDE60 /* Sources */,
				99A18EED1F48B7E8009CDE60 /* Frameworks */,
				99A18EEE1F48B7E8009CDE60 /* Resources */,
			);
			buildRules = (
			);
			dependencies = (
			);
			name = MSCalendar;
			productName = MSCalendar;
			productReference = 99A18EF01F48B7E8009CDE60 /* MSCalendar.app */;
			productType = "com.apple.product-type.application";
		};
		99A18F071F48B7E8009CDE60 /* MSCalendarTests */ = {
			isa = PBXNativeTarget;
			buildConfigurationList = 99A18F1F1F48B7E8009CDE60 /* Build configuration list for PBXNativeTarget "MSCalendarTests" */;
			buildPhases = (
				99A18F041F48B7E8009CDE60 /* Sources */,
				99A18F051F48B7E8009CDE60 /* Frameworks */,
				99A18F061F48B7E8009CDE60 /* Resources */,
			);
			buildRules = (
			);
			dependencies = (
				99A18F0A1F48B7E8009CDE60 /* PBXTargetDependency */,
			);
			name = MSCalendarTests;
			productName = MSCalendarTests;
			productReference = 99A18F081F48B7E8009CDE60 /* MSCalendarTests.xctest */;
			productType = "com.apple.product-type.bundle.unit-test";
		};
		99A18F121F48B7E8009CDE60 /* MSCalendarUITests */ = {
			isa = PBXNativeTarget;
			buildConfigurationList = 99A18F221F48B7E8009CDE60 /* Build configuration list for PBXNativeTarget "MSCalendarUITests" */;
			buildPhases = (
				99A18F0F1F48B7E8009CDE60 /* Sources */,
				99A18F101F48B7E8009CDE60 /* Frameworks */,
				99A18F111F48B7E8009CDE60 /* Resources */,
			);
			buildRules = (
			);
			dependencies = (
				99A18F151F48B7E8009CDE60 /* PBXTargetDependency */,
			);
			name = MSCalendarUITests;
			productName = MSCalendarUITests;
			productReference = 99A18F131F48B7E8009CDE60 /* MSCalendarUITests.xctest */;
			productType = "com.apple.product-type.bundle.ui-testing";
		};
/* End PBXNativeTarget section */

/* Begin PBXProject section */
		99A18EE81F48B7E8009CDE60 /* Project object */ = {
			isa = PBXProject;
			attributes = {
				LastUpgradeCheck = 0900;
				ORGANIZATIONNAME = "Ishita Agarwal";
				TargetAttributes = {
					99A18EEF1F48B7E8009CDE60 = {
						CreatedOnToolsVersion = 9.0;
					};
					99A18F071F48B7E8009CDE60 = {
						CreatedOnToolsVersion = 9.0;
						TestTargetID = 99A18EEF1F48B7E8009CDE60;
					};
					99A18F121F48B7E8009CDE60 = {
						CreatedOnToolsVersion = 9.0;
						TestTargetID = 99A18EEF1F48B7E8009CDE60;
					};
				};
			};
			buildConfigurationList = 99A18EEB1F48B7E8009CDE60 /* Build configuration list for PBXProject "MSCalendar" */;
			compatibilityVersion = "Xcode 8.0";
			developmentRegion = en;
			hasScannedForEncodings = 0;
			knownRegions = (
				en,
				Base,
			);
			mainGroup = 99A18EE71F48B7E8009CDE60;
			productRefGroup = 99A18EF11F48B7E8009CDE60 /* Products */;
			projectDirPath = "";
			projectRoot = "";
			targets = (
				99A18EEF1F48B7E8009CDE60 /* MSCalendar */,
				99A18F071F48B7E8009CDE60 /* MSCalendarTests */,
				99A18F121F48B7E8009CDE60 /* MSCalendarUITests */,
			);
		};
/* End PBXProject section */

/* Begin PBXResourcesBuildPhase section */
		99A18EEE1F48B7E8009CDE60 /* Resources */ = {
			isa = PBXResourcesBuildPhase;
			buildActionMask = 2147483647;
			files = (
				99A18F001F48B7E8009CDE60 /* LaunchScreen.storyboard in Resources */,
				99A18EFD1F48B7E8009CDE60 /* Assets.xcassets in Resources */,
				99A18EFB1F48B7E8009CDE60 /* Main.storyboard in Resources */,
			);
			runOnlyForDeploymentPostprocessing = 0;
		};
		99A18F061F48B7E8009CDE60 /* Resources */ = {
			isa = PBXResourcesBuildPhase;
			buildActionMask = 2147483647;
			files = (
			);
			runOnlyForDeploymentPostprocessing = 0;
		};
		99A18F111F48B7E8009CDE60 /* Resources */ = {
			isa = PBXResourcesBuildPhase;
			buildActionMask = 2147483647;
			files = (
			);
			runOnlyForDeploymentPostprocessing = 0;
		};
/* End PBXResourcesBuildPhase section */

/* Begin PBXSourcesBuildPhase section */
		99A18EEC1F48B7E8009CDE60 /* Sources */ = {
			isa = PBXSourcesBuildPhase;
			buildActionMask = 2147483647;
			files = (
				99A18EF81F48B7E8009CDE60 /* ViewController.m in Sources */,
				99A18F031F48B7E8009CDE60 /* main.m in Sources */,
				99A18EF51F48B7E8009CDE60 /* AppDelegate.m in Sources */,
			);
			runOnlyForDeploymentPostprocessing = 0;
		};
		99A18F041F48B7E8009CDE60 /* Sources */ = {
			isa = PBXSourcesBuildPhase;
			buildActionMask = 2147483647;
			files = (
				99A18F0D1F48B7E8009CDE60 /* MSCalendarTests.m in Sources */,
			);
			runOnlyForDeploymentPostprocessing = 0;
		};
		99A18F0F1F48B7E8009CDE60 /* Sources */ = {
			isa = PBXSourcesBuildPhase;
			buildActionMask = 2147483647;
			files = (
				99A18F181F48B7E8009CDE60 /* MSCalendarUITests.m in Sources */,
			);
			runOnlyForDeploymentPostprocessing = 0;
		};
/* End PBXSourcesBuildPhase section */

/* Begin PBXTargetDependency section */
		99A18F0A1F48B7E8009CDE60 /* PBXTargetDependency */ = {
			isa = PBXTargetDependency;
			target = 99A18EEF1F48B7E8009CDE60 /* MSCalendar */;
			targetProxy = 99A18F091F48B7E8009CDE60 /* PBXContainerItemProxy */;
		};
		99A18F151F48B7E8009CDE60 /* PBXTargetDependency */ = {
			isa = PBXTargetDependency;
			target = 99A18EEF1F48B7E8009CDE60 /* MSCalendar */;
			targetProxy = 99A18F141F48B7E8009CDE60 /* PBXContainerItemProxy */;
		};
/* End PBXTargetDependency section */

/* Begin PBXVariantGroup section */
		99A18EF91F48B7E8009CDE60 /* Main.storyboard */ = {
			isa = PBXVariantGroup;
			children = (
				99A18EFA1F48B7E8009CDE60 /* Base */,
			);
			name = Main.storyboard;
			sourceTree = "<group>";
		};
		99A18EFE1F48B7E8009CDE60 /* LaunchScreen.storyboard */ = {
			isa = PBXVariantGroup;
			children = (
				99A18EFF1F48B7E8009CDE60 /* Base */,
			);
			name = LaunchScreen.storyboard;
			sourceTree = "<group>";
		};
/* End PBXVariantGroup section */

/* Begin XCBuildConfiguration section */
		99A18F1A1F48B7E8009CDE60 /* Debug */ = {
			isa = XCBuildConfiguration;
			buildSettings = {
				ALWAYS_SEARCH_USER_PATHS = NO;
				CLANG_ANALYZER_NONNULL = YES;
				CLANG_ANALYZER_NUMBER_OBJECT_CONVERSION = YES_AGGRESSIVE;
				CLANG_CXX_LANGUAGE_STANDARD = "gnu++14";
				CLANG_CXX_LIBRARY = "libc++";
				CLANG_ENABLE_MODULES = YES;
				CLANG_ENABLE_OBJC_ARC = YES;
				CLANG_WARN_BLOCK_CAPTURE_AUTORELEASING = YES;
				CLANG_WARN_BOOL_CONVERSION = YES;
				CLANG_WARN_COMMA = YES;
				CLANG_WARN_CONSTANT_CONVERSION = YES;
				CLANG_WARN_DIRECT_OBJC_ISA_USAGE = YES_ERROR;
				CLANG_WARN_DOCUMENTATION_COMMENTS = YES;
				CLANG_WARN_EMPTY_BODY = YES;
				CLANG_WARN_ENUM_CONVERSION = YES;
				CLANG_WARN_INFINITE_RECURSION = YES;
				CLANG_WARN_INT_CONVERSION = YES;
				CLANG_WARN_NON_LITERAL_NULL_CONVERSION = YES;
				CLANG_WARN_OBJC_LITERAL_CONVERSION = YES;
				CLANG_WARN_OBJC_ROOT_CLASS = YES_ERROR;
				CLANG_WARN_RANGE_LOOP_ANALYSIS = YES;
				CLANG_WARN_STRICT_PROTOTYPES = YES;
				CLANG_WARN_SUSPICIOUS_MOVE = YES;
				CLANG_WARN_UNGUARDED_AVAILABILITY = YES_AGGRESSIVE;
				CLANG_WARN_UNREACHABLE_CODE = YES;
				CLANG_WARN__DUPLICATE_METHOD_MATCH = YES;
				CODE_SIGN_IDENTITY = "iPhone Developer";
				COPY_PHASE_STRIP = NO;
				DEBUG_INFORMATION_FORMAT = dwarf;
				ENABLE_STRICT_OBJC_MSGSEND = YES;
				ENABLE_TESTABILITY = YES;
				GCC_C_LANGUAGE_STANDARD = gnu11;
				GCC_DYNAMIC_NO_PIC = NO;
				GCC_NO_COMMON_BLOCKS = YES;
				GCC_OPTIMIZATION_LEVEL = 0;
				GCC_PREPROCESSOR_DEFINITIONS = (
					"DEBUG=1",
					"$(inherited)",
				);
				GCC_WARN_64_TO_32_BIT_CONVERSION = YES;
				GCC_WARN_ABOUT_RETURN_TYPE = YES_ERROR;
				GCC_WARN_UNDECLARED_SELECTOR = YES;
				GCC_WARN_UNINITIALIZED_AUTOS = YES_AGGRESSIVE;
				GCC_WARN_UNUSED_FUNCTION = YES;
				GCC_WARN_UNUSED_VARIABLE = YES;
				IPHONEOS_DEPLOYMENT_TARGET = 11.0;
				MTL_ENABLE_DEBUG_INFO = YES;
				ONLY_ACTIVE_ARCH = YES;
				SDKROOT = iphoneos;
			};
			name = Debug;
		};
		99A18F1B1F48B7E8009CDE60 /* Release */ = {
			isa = XCBuildConfiguration;
			buildSettings = {
				ALWAYS_SEARCH_USER_PATHS = NO;
				CLANG_ANALYZER_NONNULL = YES;
				CLANG_ANALYZER_NUMBER_OBJECT_CONVERSION = YES_AGGRESSIVE;
				CLANG_CXX_LANGUAGE_STANDARD = "gnu++14";
				CLANG_CXX_LIBRARY = "libc++";
				CLANG_ENABLE_MODULES = YES;
				CLANG_ENABLE_OBJC_ARC = YES;
				CLANG_WARN_BLOCK_CAPTURE_AUTORELEASING = YES;
				CLANG_WARN_BOOL_CONVERSION = YES;
				CLANG_WARN_COMMA = YES;
				CLANG_WARN_CONSTANT_CONVERSION = YES;
				CLANG_WARN_DIRECT_OBJC_ISA_USAGE = YES_ERROR;
				CLANG_WARN_DOCUMENTATION_COMMENTS = YES;
				CLANG_WARN_EMPTY_BODY = YES;
				CLANG_WARN_ENUM_CONVERSION = YES;
				CLANG_WARN_INFINITE_RECURSION = YES;
				CLANG_WARN_INT_CONVERSION = YES;
				CLANG_WARN_NON_LITERAL_NULL_CONVERSION = YES;
				CLANG_WARN_OBJC_LITERAL_CONVERSION = YES;
				CLANG_WARN_OBJC_ROOT_CLASS = YES_ERROR;
				CLANG_WARN_RANGE_LOOP_ANALYSIS = YES;
				CLANG_WARN_STRICT_PROTOTYPES = YES;
				CLANG_WARN_SUSPICIOUS_MOVE = YES;
				CLANG_WARN_UNGUARDED_AVAILABILITY = YES_AGGRESSIVE;
				CLANG_WARN_UNREACHABLE_CODE = YES;
				CLANG_WARN__DUPLICATE_METHOD_MATCH = YES;
				CODE_SIGN_IDENTITY = "iPhone Developer";
				COPY_PHASE_STRIP = NO;
				DEBUG_INFORMATION_FORMAT = "dwarf-with-dsym";
				ENABLE_NS_ASSERTIONS = NO;
				ENABLE_STRICT_OBJC_MSGSEND = YES;
				GCC_C_LANGUAGE_STANDARD = gnu11;
				GCC_NO_COMMON_BLOCKS = YES;
				GCC_WARN_64_TO_32_BIT_CONVERSION = YES;
				GCC_WARN_ABOUT_RETURN_TYPE = YES_ERROR;
				GCC_WARN_UNDECLARED_SELECTOR = YES;
				GCC_WARN_UNINITIALIZED_AUTOS = YES_AGGRESSIVE;
				GCC_WARN_UNUSED_FUNCTION = YES;
				GCC_WARN_UNUSED_VARIABLE = YES;
				IPHONEOS_DEPLOYMENT_TARGET = 11.0;
				MTL_ENABLE_DEBUG_INFO = NO;
				SDKROOT = iphoneos;
				VALIDATE_PRODUCT = YES;
			};
			name = Release;
		};
		99A18F1D1F48B7E8009CDE60 /* Debug */ = {
			isa = XCBuildConfiguration;
			buildSettings = {
				ASSETCATALOG_COMPILER_APPICON_NAME = AppIcon;
				DEVELOPMENT_TEAM = 2UDQRNR4F2;
				INFOPLIST_FILE = MSCalendar/Info.plist;
				LD_RUNPATH_SEARCH_PATHS = "$(inherited) @executable_path/Frameworks";
				PRODUCT_BUNDLE_IDENTIFIER = com.dmi.MSCalendar;
				PRODUCT_NAME = "$(TARGET_NAME)";
				TARGETED_DEVICE_FAMILY = "1,2";
			};
			name = Debug;
		};
		99A18F1E1F48B7E8009CDE60 /* Release */ = {
			isa = XCBuildConfiguration;
			buildSettings = {
				ASSETCATALOG_COMPILER_APPICON_NAME = AppIcon;
				DEVELOPMENT_TEAM = 2UDQRNR4F2;
				INFOPLIST_FILE = MSCalendar/Info.plist;
				LD_RUNPATH_SEARCH_PATHS = "$(inherited) @executable_path/Frameworks";
				PRODUCT_BUNDLE_IDENTIFIER = com.dmi.MSCalendar;
				PRODUCT_NAME = "$(TARGET_NAME)";
				TARGETED_DEVICE_FAMILY = "1,2";
			};
			name = Release;
		};
		99A18F201F48B7E8009CDE60 /* Debug */ = {
			isa = XCBuildConfiguration;
			buildSettings = {
				BUNDLE_LOADER = "$(TEST_HOST)";
				DEVELOPMENT_TEAM = 2UDQRNR4F2;
				INFOPLIST_FILE = MSCalendarTests/Info.plist;
				LD_RUNPATH_SEARCH_PATHS = "$(inherited) @executable_path/Frameworks @loader_path/Frameworks";
				PRODUCT_BUNDLE_IDENTIFIER = com.dmi.MSCalendarTests;
				PRODUCT_NAME = "$(TARGET_NAME)";
				TARGETED_DEVICE_FAMILY = "1,2";
				TEST_HOST = "$(BUILT_PRODUCTS_DIR)/MSCalendar.app/MSCalendar";
			};
			name = Debug;
		};
		99A18F211F48B7E8009CDE60 /* Release */ = {
			isa = XCBuildConfiguration;
			buildSettings = {
				BUNDLE_LOADER = "$(TEST_HOST)";
				DEVELOPMENT_TEAM = 2UDQRNR4F2;
				INFOPLIST_FILE = MSCalendarTests/Info.plist;
				LD_RUNPATH_SEARCH_PATHS = "$(inherited) @executable_path/Frameworks @loader_path/Frameworks";
				PRODUCT_BUNDLE_IDENTIFIER = com.dmi.MSCalendarTests;
				PRODUCT_NAME = "$(TARGET_NAME)";
				TARGETED_DEVICE_FAMILY = "1,2";
				TEST_HOST = "$(BUILT_PRODUCTS_DIR)/MSCalendar.app/MSCalendar";
			};
			name = Release;
		};
		99A18F231F48B7E8009CDE60 /* Debug */ = {
			isa = XCBuildConfiguration;
			buildSettings = {
				DEVELOPMENT_TEAM = 2UDQRNR4F2;
				INFOPLIST_FILE = MSCalendarUITests/Info.plist;
				LD_RUNPATH_SEARCH_PATHS = "$(inherited) @executable_path/Frameworks @loader_path/Frameworks";
				PRODUCT_BUNDLE_IDENTIFIER = com.dmi.MSCalendarUITests;
				PRODUCT_NAME = "$(TARGET_NAME)";
				TARGETED_DEVICE_FAMILY = "1,2";
				TEST_TARGET_NAME = MSCalendar;
			};
			name = Debug;
		};
		99A18F241F48B7E8009CDE60 /* Release */ = {
			isa = XCBuildConfiguration;
			buildSettings = {
				DEVELOPMENT_TEAM = 2UDQRNR4F2;
				INFOPLIST_FILE = MSCalendarUITests/Info.plist;
				LD_RUNPATH_SEARCH_PATHS = "$(inherited) @executable_path/Frameworks @loader_path/Frameworks";
				PRODUCT_BUNDLE_IDENTIFIER = com.dmi.MSCalendarUITests;
				PRODUCT_NAME = "$(TARGET_NAME)";
				TARGETED_DEVICE_FAMILY = "1,2";
				TEST_TARGET_NAME = MSCalendar;
			};
			name = Release;
		};
/* End XCBuildConfiguration section */

/* Begin XCConfigurationList section */
		99A18EEB1F48B7E8009CDE60 /* Build configuration list for PBXProject "MSCalendar" */ = {
			isa = XCConfigurationList;
			buildConfigurations = (
				99A18F1A1F48B7E8009CDE60 /* Debug */,
				99A18F1B1F48B7E8009CDE60 /* Release */,
			);
			defaultConfigurationIsVisible = 0;
			defaultConfigurationName = Release;
		};
		99A18F1C1F48B7E8009CDE60 /* Build configuration list for PBXNativeTarget "MSCalendar" */ = {
			isa = XCConfigurationList;
			buildConfigurations = (
				99A18F1D1F48B7E8009CDE60 /* Debug */,
				99A18F1E1F48B7E8009CDE60 /* Release */,
			);
			defaultConfigurationIsVisible = 0;
			defaultConfigurationName = Release;
		};
		99A18F1F1F48B7E8009CDE60 /* Build configuration list for PBXNativeTarget "MSCalendarTests" */ = {
			isa = XCConfigurationList;
			buildConfigurations = (
				99A18F201F48B7E8009CDE60 /* Debug */,
				99A18F211F48B7E8009CDE60 /* Release */,
			);
			defaultConfigurationIsVisible = 0;
			defaultConfigurationName = Release;
		};
		99A18F221F48B7E8009CDE60 /* Build configuration list for PBXNativeTarget "MSCalendarUITests" */ = {
			isa = XCConfigurationList;
			buildConfigurations = (
				99A18F231F48B7E8009CDE60 /* Debug */,
				99A18F241F48B7E8009CDE60 /* Release */,
			);
			defaultConfigurationIsVisible = 0;
			defaultConfigurationName = Release;
		};
/* End XCConfigurationList section */
	};
	rootObject = 99A18EE81F48B7E8009CDE60 /* Project object */;
}
